
Microsoft Visual Studio Solution File, Format Version 12.00
# Visual Studio Version 17
VisualStudioVersion = 17.7.34202.233
MinimumVisualStudioVersion = 10.0.40219.1
Project("{FAE04EC0-301F-11D3-BF4B-00C04F79EFBC}") = "KPO_LABA_3", "KPO_LABA_3.csproj", "{D99D3194-B34B-42C5-B550-8AE9128ED90B}"
EndProject
Global
	GlobalSection(SolutionConfigurationPlatforms) = preSolution
		Debug|Any CPU = Debug|Any CPU
		Release|Any CPU = Release|Any CPU
	EndGlobalSection
	GlobalSection(ProjectConfigurationPlatforms) = postSolution
		{D99D3194-B34B-42C5-B550-8AE9128ED90B}.Debug|Any CPU.ActiveCfg = Debug|Any CPU
		{D99D3194-B34B-42C5-B550-8AE9128ED90B}.Debug|Any CPU.Build.0 = Debug|Any CPU
		{D99D3194-B34B-42C5-B550-8AE9128ED90B}.Release|Any CPU.ActiveCfg = Release|Any CPU
		{D99D3194-B34B-42C5-B550-8AE9128ED90B}.Release|Any CPU.Build.0 = Release|Any CPU
	EndGlobalSection
	GlobalSection(SolutionProperties) = preSolution
		HideSolutionNode = FALSE
	EndGlobalSection
	GlobalSection(ExtensibilityGlobals) = postSolution
		SolutionGuid = {89E6ABD5-1492-4B57-A679-DF9388D75AD4}
	EndGlobalSection
EndGlobal
